
Microsoft Visual Studio Solution File, Format Version 12.00
# Visual Studio Version 16
VisualStudioVersion = 16.0.31410.357
MinimumVisualStudioVersion = 10.0.40219.1
Project("{9A19103F-16F7-4668-BE54-9A1E7A4F7556}") = "BikeScanner.Domain", "BikeScanner.Domain\BikeScanner.Domain.csproj", "{1DE0C47A-AC51-4C50-9347-CFD347439B45}"
EndProject
Project("{9A19103F-16F7-4668-BE54-9A1E7A4F7556}") = "BikeScanner.Application", "BikeScanner.Application\BikeScanner.Application.csproj", "{131658F5-55B0-4890-9C11-B10BC89A809A}"
EndProject
Project("{2150E333-8FDC-42A3-9474-1A3956D46DE8}") = "Infrastructure", "Infrastructure", "{4108A877-B345-4DC4-A4E7-310F50B81649}"
EndProject
Project("{2150E333-8FDC-42A3-9474-1A3956D46DE8}") = "UI", "UI", "{4CA547DE-DE8E-421C-BA41-EA19AE876F9D}"
EndProject
Project("{9A19103F-16F7-4668-BE54-9A1E7A4F7556}") = "BikeScanner.Infrastructure.VK", "BikeScanner.Infrastructure.VK\BikeScanner.Infrastructure.VK.csproj", "{554666AF-C3BA-4406-8467-2E81AF113FD6}"
EndProject
Project("{9A19103F-16F7-4668-BE54-9A1E7A4F7556}") = "BikeScanner.Data.Postgre", "BikeScanner.Data.Postgre\BikeScanner.Data.Postgre.csproj", "{930932CA-3286-40DB-93EB-458F5AFEC4E3}"
EndProject
Project("{9A19103F-16F7-4668-BE54-9A1E7A4F7556}") = "BikeScanner.DI", "BikeScanner.DI\BikeScanner.DI.csproj", "{B8746026-35FB-4499-AAB3-EB79A588E712}"
EndProject
Project("{9A19103F-16F7-4668-BE54-9A1E7A4F7556}") = "BikeScanner.Infrastructure", "BikeScanner.Infrastructure\BikeScanner.Infrastructure.csproj", "{E98DD6ED-978C-475D-A2DC-11AE1193D81A}"
EndProject
Project("{FAE04EC0-301F-11D3-BF4B-00C04F79EFBC}") = "BikeScanner.UI.Bot", "BikeScanner.UI.Bot\BikeScanner.UI.Bot.csproj", "{519FB0AE-9E57-4B41-BD28-FBD1C4660CEF}"
EndProject
Project("{FAE04EC0-301F-11D3-BF4B-00C04F79EFBC}") = "BikeScanner.Server", "BikeScanner.Server\BikeScanner.Server.csproj", "{3A2079AE-1ABC-4564-841F-879CEF2C51AF}"
EndProject
Global
	GlobalSection(SolutionConfigurationPlatforms) = preSolution
		Debug|Any CPU = Debug|Any CPU
		Release|Any CPU = Release|Any CPU
	EndGlobalSection
	GlobalSection(ProjectConfigurationPlatforms) = postSolution
		{1DE0C47A-AC51-4C50-9347-CFD347439B45}.Debug|Any CPU.ActiveCfg = Debug|Any CPU
		{1DE0C47A-AC51-4C50-9347-CFD347439B45}.Debug|Any CPU.Build.0 = Debug|Any CPU
		{1DE0C47A-AC51-4C50-9347-CFD347439B45}.Release|Any CPU.ActiveCfg = Release|Any CPU
		{1DE0C47A-AC51-4C50-9347-CFD347439B45}.Release|Any CPU.Build.0 = Release|Any CPU
		{131658F5-55B0-4890-9C11-B10BC89A809A}.Debug|Any CPU.ActiveCfg = Debug|Any CPU
		{131658F5-55B0-4890-9C11-B10BC89A809A}.Debug|Any CPU.Build.0 = Debug|Any CPU
		{131658F5-55B0-4890-9C11-B10BC89A809A}.Release|Any CPU.ActiveCfg = Release|Any CPU
		{131658F5-55B0-4890-9C11-B10BC89A809A}.Release|Any CPU.Build.0 = Release|Any CPU
		{554666AF-C3BA-4406-8467-2E81AF113FD6}.Debug|Any CPU.ActiveCfg = Debug|Any CPU
		{554666AF-C3BA-4406-8467-2E81AF113FD6}.Debug|Any CPU.Build.0 = Debug|Any CPU
		{554666AF-C3BA-4406-8467-2E81AF113FD6}.Release|Any CPU.ActiveCfg = Release|Any CPU
		{554666AF-C3BA-4406-8467-2E81AF113FD6}.Release|Any CPU.Build.0 = Release|Any CPU
		{930932CA-3286-40DB-93EB-458F5AFEC4E3}.Debug|Any CPU.ActiveCfg = Debug|Any CPU
		{930932CA-3286-40DB-93EB-458F5AFEC4E3}.Debug|Any CPU.Build.0 = Debug|Any CPU
		{930932CA-3286-40DB-93EB-458F5AFEC4E3}.Release|Any CPU.ActiveCfg = Release|Any CPU
		{930932CA-3286-40DB-93EB-458F5AFEC4E3}.Release|Any CPU.Build.0 = Release|Any CPU
		{B8746026-35FB-4499-AAB3-EB79A588E712}.Debug|Any CPU.ActiveCfg = Debug|Any CPU
		{B8746026-35FB-4499-AAB3-EB79A588E712}.Debug|Any CPU.Build.0 = Debug|Any CPU
		{B8746026-35FB-4499-AAB3-EB79A588E712}.Release|Any CPU.ActiveCfg = Release|Any CPU
		{B8746026-35FB-4499-AAB3-EB79A588E712}.Release|Any CPU.Build.0 = Release|Any CPU
		{E98DD6ED-978C-475D-A2DC-11AE1193D81A}.Debug|Any CPU.ActiveCfg = Debug|Any CPU
		{E98DD6ED-978C-475D-A2DC-11AE1193D81A}.Debug|Any CPU.Build.0 = Debug|Any CPU
		{E98DD6ED-978C-475D-A2DC-11AE1193D81A}.Release|Any CPU.ActiveCfg = Release|Any CPU
		{E98DD6ED-978C-475D-A2DC-11AE1193D81A}.Release|Any CPU.Build.0 = Release|Any CPU
		{519FB0AE-9E57-4B41-BD28-FBD1C4660CEF}.Debug|Any CPU.ActiveCfg = Debug|Any CPU
		{519FB0AE-9E57-4B41-BD28-FBD1C4660CEF}.Debug|Any CPU.Build.0 = Debug|Any CPU
		{519FB0AE-9E57-4B41-BD28-FBD1C4660CEF}.Release|Any CPU.ActiveCfg = Release|Any CPU
		{519FB0AE-9E57-4B41-BD28-FBD1C4660CEF}.Release|Any CPU.Build.0 = Release|Any CPU
		{3A2079AE-1ABC-4564-841F-879CEF2C51AF}.Debug|Any CPU.ActiveCfg = Debug|Any CPU
		{3A2079AE-1ABC-4564-841F-879CEF2C51AF}.Debug|Any CPU.Build.0 = Debug|Any CPU
		{3A2079AE-1ABC-4564-841F-879CEF2C51AF}.Release|Any CPU.ActiveCfg = Release|Any CPU
		{3A2079AE-1ABC-4564-841F-879CEF2C51AF}.Release|Any CPU.Build.0 = Release|Any CPU
	EndGlobalSection
	GlobalSection(SolutionProperties) = preSolution
		HideSolutionNode = FALSE
	EndGlobalSection
	GlobalSection(NestedProjects) = preSolution
		{554666AF-C3BA-4406-8467-2E81AF113FD6} = {4108A877-B345-4DC4-A4E7-310F50B81649}
		{930932CA-3286-40DB-93EB-458F5AFEC4E3} = {4108A877-B345-4DC4-A4E7-310F50B81649}
		{E98DD6ED-978C-475D-A2DC-11AE1193D81A} = {4108A877-B345-4DC4-A4E7-310F50B81649}
		{519FB0AE-9E57-4B41-BD28-FBD1C4660CEF} = {4CA547DE-DE8E-421C-BA41-EA19AE876F9D}
	EndGlobalSection
	GlobalSection(ExtensibilityGlobals) = postSolution
		SolutionGuid = {0B3D2C64-B3BA-416D-AB0B-4C5316035DC3}
	EndGlobalSection
EndGlobal
